
Microsoft Visual Studio Solution File, Format Version 12.00
# Visual Studio Version 16
VisualStudioVersion = 16.0.30225.117
MinimumVisualStudioVersion = 10.0.40219.1
Project("{FAE04EC0-301F-11D3-BF4B-00C04F79EFBC}") = "Yemek_Tarifleri_Sitem", "Yemek_Tarifleri_Sitem\Yemek_Tarifleri_Sitem.csproj", "{0F10DD0A-E972-4606-998F-40A62E6FB6D3}"
EndProject
Global
	GlobalSection(SolutionConfigurationPlatforms) = preSolution
		Debug|Any CPU = Debug|Any CPU
		Release|Any CPU = Release|Any CPU
	EndGlobalSection
	GlobalSection(ProjectConfigurationPlatforms) = postSolution
		{0F10DD0A-E972-4606-998F-40A62E6FB6D3}.Debug|Any CPU.ActiveCfg = Debug|Any CPU
		{0F10DD0A-E972-4606-998F-40A62E6FB6D3}.Debug|Any CPU.Build.0 = Debug|Any CPU
		{0F10DD0A-E972-4606-998F-40A62E6FB6D3}.Release|Any CPU.ActiveCfg = Release|Any CPU
		{0F10DD0A-E972-4606-998F-40A62E6FB6D3}.Release|Any CPU.Build.0 = Release|Any CPU
	EndGlobalSection
	GlobalSection(SolutionProperties) = preSolution
		HideSolutionNode = FALSE
	EndGlobalSection
	GlobalSection(ExtensibilityGlobals) = postSolution
		SolutionGuid = {63B69DF8-4A1C-40FC-AE47-27B0A16C4B22}
	EndGlobalSection
EndGlobal
